// !$*UTF8*$!
{
	archiveVersion = 1;
	classes = {
	};
	objectVersion = 46;
	objects = {

/* Begin PBXBuildFile section */
		D2FB2CAC1ABDF8BB00CDA532 /* AppDelegate.swift in Sources */ = {isa = PBXBuildFile; fileRef = D2FB2CAB1ABDF8BB00CDA532 /* AppDelegate.swift */; };
		D2FB2CAF1ABDF8BB00CDA532 /* buttonBuddy.xcdatamodeld in Sources */ = {isa = PBXBuildFile; fileRef = D2FB2CAD1ABDF8BB00CDA532 /* buttonBuddy.xcdatamodeld */; };
		D2FB2CB11ABDF8BB00CDA532 /* ViewController.swift in Sources */ = {isa = PBXBuildFile; fileRef = D2FB2CB01ABDF8BB00CDA532 /* ViewController.swift */; };
		D2FB2CB41ABDF8BB00CDA532 /* Main.storyboard in Resources */ = {isa = PBXBuildFile; fileRef = D2FB2CB21ABDF8BB00CDA532 /* Main.storyboard */; };
		D2FB2CB61ABDF8BB00CDA532 /* Images.xcassets in Resources */ = {isa = PBXBuildFile; fileRef = D2FB2CB51ABDF8BB00CDA532 /* Images.xcassets */; };
		D2FB2CB91ABDF8BB00CDA532 /* LaunchScreen.xib in Resources */ = {isa = PBXBuildFile; fileRef = D2FB2CB71ABDF8BB00CDA532 /* LaunchScreen.xib */; };
		D2FB2CC51ABDF8BB00CDA532 /* buttonBuddyTests.swift in Sources */ = {isa = PBXBuildFile; fileRef = D2FB2CC41ABDF8BB00CDA532 /* buttonBuddyTests.swift */; };
/* End PBXBuildFile section */

/* Begin PBXContainerItemProxy section */
		D2FB2CBF1ABDF8BB00CDA532 /* PBXContainerItemProxy */ = {
			isa = PBXContainerItemProxy;
			containerPortal = D2FB2C9E1ABDF8BB00CDA532 /* Project object */;
			proxyType = 1;
			remoteGlobalIDString = D2FB2CA51ABDF8BB00CDA532;
			remoteInfo = buttonBuddy;
		};
/* End PBXContainerItemProxy section */

/* Begin PBXFileReference section */
		D2FB2CA61ABDF8BB00CDA532 /* buttonBuddy.app */ = {isa = PBXFileReference; explicitFileType = wrapper.application; includeInIndex = 0; path = buttonBuddy.app; sourceTree = BUILT_PRODUCTS_DIR; };
		D2FB2CAA1ABDF8BB00CDA532 /* Info.plist */ = {isa = PBXFileReference; lastKnownFileType = text.plist.xml; path = Info.plist; sourceTree = "<group>"; };
		D2FB2CAB1ABDF8BB00CDA532 /* AppDelegate.swift */ = {isa = PBXFileReference; lastKnownFileType = sourcecode.swift; path = AppDelegate.swift; sourceTree = "<group>"; };
		D2FB2CAE1ABDF8BB00CDA532 /* buttonBuddy.xcdatamodel */ = {isa = PBXFileReference; lastKnownFileType = wrapper.xcdatamodel; path = buttonBuddy.xcdatamodel; sourceTree = "<group>"; };
		D2FB2CB01ABDF8BB00CDA532 /* ViewController.swift */ = {isa = PBXFileReference; lastKnownFileType = sourcecode.swift; path = ViewController.swift; sourceTree = "<group>"; };
		D2FB2CB31ABDF8BB00CDA532 /* Base */ = {isa = PBXFileReference; lastKnownFileType = file.storyboard; name = Base; path = Base.lproj/Main.storyboard; sourceTree = "<group>"; };
		D2FB2CB51ABDF8BB00CDA532 /* Images.xcassets */ = {isa = PBXFileReference; lastKnownFileType = folder.assetcatalog; path = Images.xcassets; sourceTree = "<group>"; };
		D2FB2CB81ABDF8BB00CDA532 /* Base */ = {isa = PBXFileReference; lastKnownFileType = file.xib; name = Base; path = Base.lproj/LaunchScreen.xib; sourceTree = "<group>"; };
		D2FB2CBE1ABDF8BB00CDA532 /* buttonBuddyTests.xctest */ = {isa = PBXFileReference; explicitFileType = wrapper.cfbundle; includeInIndex = 0; path = buttonBuddyTests.xctest; sourceTree = BUILT_PRODUCTS_DIR; };
		D2FB2CC31ABDF8BB00CDA532 /* Info.plist */ = {isa = PBXFileReference; lastKnownFileType = text.plist.xml; path = Info.plist; sourceTree = "<group>"; };
		D2FB2CC41ABDF8BB00CDA532 /* buttonBuddyTests.swift */ = {isa = PBXFileReference; lastKnownFileType = sourcecode.swift; path = buttonBuddyTests.swift; sourceTree = "<group>"; };
/* End PBXFileReference section */

/* Begin PBXFrameworksBuildPhase section */
		D2FB2CA31ABDF8BB00CDA532 /* Frameworks */ = {
			isa = PBXFrameworksBuildPhase;
			buildActionMask = 2147483647;
			files = (
			);
			runOnlyForDeploymentPostprocessing = 0;
		};
		D2FB2CBB1ABDF8BB00CDA532 /* Frameworks */ = {
			isa = PBXFrameworksBuildPhase;
			buildActionMask = 2147483647;
			files = (
			);
			runOnlyForDeploymentPostprocessing = 0;
		};
/* End PBXFrameworksBuildPhase section */

/* Begin PBXGroup section */
		D2FB2C9D1ABDF8BB00CDA532 = {
			isa = PBXGroup;
			children = (
				D2FB2CA81ABDF8BB00CDA532 /* buttonBuddy */,
				D2FB2CC11ABDF8BB00CDA532 /* buttonBuddyTests */,
				D2FB2CA71ABDF8BB00CDA532 /* Products */,
			);
			sourceTree = "<group>";
		};
		D2FB2CA71ABDF8BB00CDA532 /* Products */ = {
			isa = PBXGroup;
			children = (
				D2FB2CA61ABDF8BB00CDA532 /* buttonBuddy.app */,
				D2FB2CBE1ABDF8BB00CDA532 /* buttonBuddyTests.xctest */,
			);
			name = Products;
			sourceTree = "<group>";
		};
		D2FB2CA81ABDF8BB00CDA532 /* buttonBuddy */ = {
			isa = PBXGroup;
			children = (
				D2FB2CAB1ABDF8BB00CDA532 /* AppDelegate.swift */,
				D2FB2CB01ABDF8BB00CDA532 /* ViewController.swift */,
				D2FB2CB21ABDF8BB00CDA532 /* Main.storyboard */,
				D2FB2CB51ABDF8BB00CDA532 /* Images.xcassets */,
				D2FB2CB71ABDF8BB00CDA532 /* LaunchScreen.xib */,
				D2FB2CAD1ABDF8BB00CDA532 /* buttonBuddy.xcdatamodeld */,
				D2FB2CA91ABDF8BB00CDA532 /* Supporting Files */,
			);
			path = buttonBuddy;
			sourceTree = "<group>";
		};
		D2FB2CA91ABDF8BB00CDA532 /* Supporting Files */ = {
			isa = PBXGroup;
			children = (
				D2FB2CAA1ABDF8BB00CDA532 /* Info.plist */,
			);
			name = "Supporting Files";
			sourceTree = "<group>";
		};
		D2FB2CC11ABDF8BB00CDA532 /* buttonBuddyTests */ = {
			isa = PBXGroup;
			children = (
				D2FB2CC41ABDF8BB00CDA532 /* buttonBuddyTests.swift */,
				D2FB2CC21ABDF8BB00CDA532 /* Supporting Files */,
			);
			path = buttonBuddyTests;
			sourceTree = "<group>";
		};
		D2FB2CC21ABDF8BB00CDA532 /* Supporting Files */ = {
			isa = PBXGroup;
			children = (
				D2FB2CC31ABDF8BB00CDA532 /* Info.plist */,
			);
			name = "Supporting Files";
			sourceTree = "<group>";
		};
/* End PBXGroup section */

/* Begin PBXNativeTarget section */
		D2FB2CA51ABDF8BB00CDA532 /* buttonBuddy */ = {
			isa = PBXNativeTarget;
			buildConfigurationList = D2FB2CC81ABDF8BB00CDA532 /* Build configuration list for PBXNativeTarget "buttonBuddy" */;
			buildPhases = (
				D2FB2CA21ABDF8BB00CDA532 /* Sources */,
				D2FB2CA31ABDF8BB00CDA532 /* Frameworks */,
				D2FB2CA41ABDF8BB00CDA532 /* Resources */,
			);
			buildRules = (
			);
			dependencies = (
			);
			name = buttonBuddy;
			productName = buttonBuddy;
			productReference = D2FB2CA61ABDF8BB00CDA532 /* buttonBuddy.app */;
			productType = "com.apple.product-type.application";
		};
		D2FB2CBD1ABDF8BB00CDA532 /* buttonBuddyTests */ = {
			isa = PBXNativeTarget;
			buildConfigurationList = D2FB2CCB1ABDF8BB00CDA532 /* Build configuration list for PBXNativeTarget "buttonBuddyTests" */;
			buildPhases = (
				D2FB2CBA1ABDF8BB00CDA532 /* Sources */,
				D2FB2CBB1ABDF8BB00CDA532 /* Frameworks */,
				D2FB2CBC1ABDF8BB00CDA532 /* Resources */,
			);
			buildRules = (
			);
			dependencies = (
				D2FB2CC01ABDF8BB00CDA532 /* PBXTargetDependency */,
			);
			name = buttonBuddyTests;
			productName = buttonBuddyTests;
			productReference = D2FB2CBE1ABDF8BB00CDA532 /* buttonBuddyTests.xctest */;
			productType = "com.apple.product-type.bundle.unit-test";
		};
/* End PBXNativeTarget section */

/* Begin PBXProject section */
		D2FB2C9E1ABDF8BB00CDA532 /* Project object */ = {
			isa = PBXProject;
			attributes = {
				LastUpgradeCheck = 0630;
				ORGANIZATIONNAME = "Tiny Antelope Publishing, LLC";
				TargetAttributes = {
					D2FB2CA51ABDF8BB00CDA532 = {
						CreatedOnToolsVersion = 6.3;
					};
					D2FB2CBD1ABDF8BB00CDA532 = {
						CreatedOnToolsVersion = 6.3;
						TestTargetID = D2FB2CA51ABDF8BB00CDA532;
					};
				};
			};
			buildConfigurationList = D2FB2CA11ABDF8BB00CDA532 /* Build configuration list for PBXProject "buttonBuddy" */;
			compatibilityVersion = "Xcode 3.2";
			developmentRegion = English;
			hasScannedForEncodings = 0;
			knownRegions = (
				en,
				Base,
			);
			mainGroup = D2FB2C9D1ABDF8BB00CDA532;
			productRefGroup = D2FB2CA71ABDF8BB00CDA532 /* Products */;
			projectDirPath = "";
			projectRoot = "";
			targets = (
				D2FB2CA51ABDF8BB00CDA532 /* buttonBuddy */,
				D2FB2CBD1ABDF8BB00CDA532 /* buttonBuddyTests */,
			);
		};
/* End PBXProject section */

/* Begin PBXResourcesBuildPhase section */
		D2FB2CA41ABDF8BB00CDA532 /* Resources */ = {
			isa = PBXResourcesBuildPhase;
			buildActionMask = 2147483647;
			files = (
				D2FB2CB41ABDF8BB00CDA532 /* Main.storyboard in Resources */,
				D2FB2CB91ABDF8BB00CDA532 /* LaunchScreen.xib in Resources */,
				D2FB2CB61ABDF8BB00CDA532 /* Images.xcassets in Resources */,
			);
			runOnlyForDeploymentPostprocessing = 0;
		};
		D2FB2CBC1ABDF8BB00CDA532 /* Resources */ = {
			isa = PBXResourcesBuildPhase;
			buildActionMask = 2147483647;
			files = (
			);
			runOnlyForDeploymentPostprocessing = 0;
		};
/* End PBXResourcesBuildPhase section */

/* Begin PBXSourcesBuildPhase section */
		D2FB2CA21ABDF8BB00CDA532 /* Sources */ = {
			isa = PBXSourcesBuildPhase;
			buildActionMask = 2147483647;
			files = (
				D2FB2CB11ABDF8BB00CDA532 /* ViewController.swift in Sources */,
				D2FB2CAF1ABDF8BB00CDA532 /* buttonBuddy.xcdatamodeld in Sources */,
				D2FB2CAC1ABDF8BB00CDA532 /* AppDelegate.swift in Sources */,
			);
			runOnlyForDeploymentPostprocessing = 0;
		};
		D2FB2CBA1ABDF8BB00CDA532 /* Sources */ = {
			isa = PBXSourcesBuildPhase;
			buildActionMask = 2147483647;
			files = (
				D2FB2CC51ABDF8BB00CDA532 /* buttonBuddyTests.swift in Sources */,
			);
			runOnlyForDeploymentPostprocessing = 0;
		};
/* End PBXSourcesBuildPhase section */

/* Begin PBXTargetDependency section */
		D2FB2CC01ABDF8BB00CDA532 /* PBXTargetDependency */ = {
			isa = PBXTargetDependency;
			target = D2FB2CA51ABDF8BB00CDA532 /* buttonBuddy */;
			targetProxy = D2FB2CBF1ABDF8BB00CDA532 /* PBXContainerItemProxy */;
		};
/* End PBXTargetDependency section */

/* Begin PBXVariantGroup section */
		D2FB2CB21ABDF8BB00CDA532 /* Main.storyboard */ = {
			isa = PBXVariantGroup;
			children = (
				D2FB2CB31ABDF8BB00CDA532 /* Base */,
			);
			name = Main.storyboard;
			sourceTree = "<group>";
		};
		D2FB2CB71ABDF8BB00CDA532 /* LaunchScreen.xib */ = {
			isa = PBXVariantGroup;
			children = (
				D2FB2CB81ABDF8BB00CDA532 /* Base */,
			);
			name = LaunchScreen.xib;
			sourceTree = "<group>";
		};
/* End PBXVariantGroup section */

/* Begin XCBuildConfiguration section */
		D2FB2CC61ABDF8BB00CDA532 /* Debug */ = {
			isa = XCBuildConfiguration;
			buildSettings = {
				ALWAYS_SEARCH_USER_PATHS = NO;
				CLANG_CXX_LANGUAGE_STANDARD = "gnu++0x";
				CLANG_CXX_LIBRARY = "libc++";
				CLANG_ENABLE_MODULES = YES;
				CLANG_ENABLE_OBJC_ARC = YES;
				CLANG_WARN_BOOL_CONVERSION = YES;
				CLANG_WARN_CONSTANT_CONVERSION = YES;
				CLANG_WARN_DIRECT_OBJC_ISA_USAGE = YES_ERROR;
				CLANG_WARN_EMPTY_BODY = YES;
				CLANG_WARN_ENUM_CONVERSION = YES;
				CLANG_WARN_INT_CONVERSION = YES;
				CLANG_WARN_OBJC_ROOT_CLASS = YES_ERROR;
				CLANG_WARN_UNREACHABLE_CODE = YES;
				CLANG_WARN__DUPLICATE_METHOD_MATCH = YES;
				"CODE_SIGN_IDENTITY[sdk=iphoneos*]" = "iPhone Developer";
				COPY_PHASE_STRIP = NO;
				DEBUG_INFORMATION_FORMAT = dwarf;
				ENABLE_STRICT_OBJC_MSGSEND = YES;
				GCC_C_LANGUAGE_STANDARD = gnu99;
				GCC_DYNAMIC_NO_PIC = NO;
				GCC_OPTIMIZATION_LEVEL = 0;
				GCC_PREPROCESSOR_DEFINITIONS = (
					"DEBUG=1",
					"$(inherited)",
				);
				GCC_SYMBOLS_PRIVATE_EXTERN = NO;
				GCC_WARN_64_TO_32_BIT_CONVERSION = YES;
				GCC_WARN_ABOUT_RETURN_TYPE = YES_ERROR;
				GCC_WARN_UNDECLARED_SELECTOR = YES;
				GCC_WARN_UNINITIALIZED_AUTOS = YES_AGGRESSIVE;
				GCC_WARN_UNUSED_FUNCTION = YES;
				GCC_WARN_UNUSED_VARIABLE = YES;
				IPHONEOS_DEPLOYMENT_TARGET = 8.3;
				MTL_ENABLE_DEBUG_INFO = YES;
				ONLY_ACTIVE_ARCH = YES;
				SDKROOT = iphoneos;
				SWIFT_OPTIMIZATION_LEVEL = "-Onone";
			};
			name = Debug;
		};
		D2FB2CC71ABDF8BB00CDA532 /* Release */ = {
			isa = XCBuildConfiguration;
			buildSettings = {
				ALWAYS_SEARCH_USER_PATHS = NO;
				CLANG_CXX_LANGUAGE_STANDARD = "gnu++0x";
				CLANG_CXX_LIBRARY = "libc++";
				CLANG_ENABLE_MODULES = YES;
				CLANG_ENABLE_OBJC_ARC = YES;
				CLANG_WARN_BOOL_CONVERSION = YES;
				CLANG_WARN_CONSTANT_CONVERSION = YES;
				CLANG_WARN_DIRECT_OBJC_ISA_USAGE = YES_ERROR;
				CLANG_WARN_EMPTY_BODY = YES;
				CLANG_WARN_ENUM_CONVERSION = YES;
				CLANG_WARN_INT_CONVERSION = YES;
				CLANG_WARN_OBJC_ROOT_CLASS = YES_ERROR;
				CLANG_WARN_UNREACHABLE_CODE = YES;
				CLANG_WARN__DUPLICATE_METHOD_MATCH = YES;
				"CODE_SIGN_IDENTITY[sdk=iphoneos*]" = "iPhone Developer";
				COPY_PHASE_STRIP = NO;
				DEBUG_INFORMATION_FORMAT = "dwarf-with-dsym";
				ENABLE_NS_ASSERTIONS = NO;
				ENABLE_STRICT_OBJC_MSGSEND = YES;
				GCC_C_LANGUAGE_STANDARD = gnu99;
				GCC_WARN_64_TO_32_BIT_CONVERSION = YES;
				GCC_WARN_ABOUT_RETURN_TYPE = YES_ERROR;
				GCC_WARN_UNDECLARED_SELECTOR = YES;
				GCC_WARN_UNINITIALIZED_AUTOS = YES_AGGRESSIVE;
				GCC_WARN_UNUSED_FUNCTION = YES;
				GCC_WARN_UNUSED_VARIABLE = YES;
				IPHONEOS_DEPLOYMENT_TARGET = 8.3;
				MTL_ENABLE_DEBUG_INFO = NO;
				SDKROOT = iphoneos;
				VALIDATE_PRODUCT = YES;
			};
			name = Release;
		};
		D2FB2CC91ABDF8BB00CDA532 /* Debug */ = {
			isa = XCBuildConfiguration;
			buildSettings = {
				ASSETCATALOG_COMPILER_APPICON_NAME = AppIcon;
				INFOPLIST_FILE = buttonBuddy/Info.plist;
				LD_RUNPATH_SEARCH_PATHS = "$(inherited) @executable_path/Frameworks";
				PRODUCT_NAME = "$(TARGET_NAME)";
			};
			name = Debug;
		};
		D2FB2CCA1ABDF8BB00CDA532 /* Release */ = {
			isa = XCBuildConfiguration;
			buildSettings = {
				ASSETCATALOG_COMPILER_APPICON_NAME = AppIcon;
				INFOPLIST_FILE = buttonBuddy/Info.plist;
				LD_RUNPATH_SEARCH_PATHS = "$(inherited) @executable_path/Frameworks";
				PRODUCT_NAME = "$(TARGET_NAME)";
			};
			name = Release;
		};
		D2FB2CCC1ABDF8BB00CDA532 /* Debug */ = {
			isa = XCBuildConfiguration;
			buildSettings = {
				BUNDLE_LOADER = "$(TEST_HOST)";
				FRAMEWORK_SEARCH_PATHS = (
					"$(SDKROOT)/Developer/Library/Frameworks",
					"$(inherited)",
				);
				GCC_PREPROCESSOR_DEFINITIONS = (
					"DEBUG=1",
					"$(inherited)",
				);
				INFOPLIST_FILE = buttonBuddyTests/Info.plist;
				LD_RUNPATH_SEARCH_PATHS = "$(inherited) @executable_path/Frameworks @loader_path/Frameworks";
				PRODUCT_NAME = "$(TARGET_NAME)";
				TEST_HOST = "$(BUILT_PRODUCTS_DIR)/buttonBuddy.app/buttonBuddy";
			};
			name = Debug;
		};
		D2FB2CCD1ABDF8BB00CDA532 /* Release */ = {
			isa = XCBuildConfiguration;
			buildSettings = {
				BUNDLE_LOADER = "$(TEST_HOST)";
				FRAMEWORK_SEARCH_PATHS = (
					"$(SDKROOT)/Developer/Library/Frameworks",
					"$(inherited)",
				);
				INFOPLIST_FILE = buttonBuddyTests/Info.plist;
				LD_RUNPATH_SEARCH_PATHS = "$(inherited) @executable_path/Frameworks @loader_path/Frameworks";
				PRODUCT_NAME = "$(TARGET_NAME)";
				TEST_HOST = "$(BUILT_PRODUCTS_DIR)/buttonBuddy.app/buttonBuddy";
			};
			name = Release;
		};
/* End XCBuildConfiguration section */

/* Begin XCConfigurationList section */
		D2FB2CA11ABDF8BB00CDA532 /* Build configuration list for PBXProject "buttonBuddy" */ = {
			isa = XCConfigurationList;
			buildConfigurations = (
				D2FB2CC61ABDF8BB00CDA532 /* Debug */,
				D2FB2CC71ABDF8BB00CDA532 /* Release */,
			);
			defaultConfigurationIsVisible = 0;
			defaultConfigurationName = Release;
		};
		D2FB2CC81ABDF8BB00CDA532 /* Build configuration list for PBXNativeTarget "buttonBuddy" */ = {
			isa = XCConfigurationList;
			buildConfigurations = (
				D2FB2CC91ABDF8BB00CDA532 /* Debug */,
				D2FB2CCA1ABDF8BB00CDA532 /* Release */,
			);
			defaultConfigurationIsVisible = 0;
		};
		D2FB2CCB1ABDF8BB00CDA532 /* Build configuration list for PBXNativeTarget "buttonBuddyTests" */ = {
			isa = XCConfigurationList;
			buildConfigurations = (
				D2FB2CCC1ABDF8BB00CDA532 /* Debug */,
				D2FB2CCD1ABDF8BB00CDA532 /* Release */,
			);
			defaultConfigurationIsVisible = 0;
		};
/* End XCConfigurationList section */

/* Begin XCVersionGroup section */
		D2FB2CAD1ABDF8BB00CDA532 /* buttonBuddy.xcdatamodeld */ = {
			isa = XCVersionGroup;
			children = (
				D2FB2CAE1ABDF8BB00CDA532 /* buttonBuddy.xcdatamodel */,
			);
			currentVersion = D2FB2CAE1ABDF8BB00CDA532 /* buttonBuddy.xcdatamodel */;
			path = buttonBuddy.xcdatamodeld;
			sourceTree = "<group>";
			versionGroupType = wrapper.xcdatamodel;
		};
/* End XCVersionGroup section */
	};
	rootObject = D2FB2C9E1ABDF8BB00CDA532 /* Project object */;
}
